// !$*UTF8*$!
{
	archiveVersion = 1;
	classes = {
	};
	objectVersion = 46;
	objects = {

/* Begin PBXBuildFile section */
		283DFCD71D597DD0000EEF9D /* main.m in Sources */ = {isa = PBXBuildFile; fileRef = 283DFCD61D597DD0000EEF9D /* main.m */; };
		283DFCDA1D597DD0000EEF9D /* AppDelegate.m in Sources */ = {isa = PBXBuildFile; fileRef = 283DFCD91D597DD0000EEF9D /* AppDelegate.m */; };
		283DFCDD1D597DD0000EEF9D /* ViewController.m in Sources */ = {isa = PBXBuildFile; fileRef = 283DFCDC1D597DD0000EEF9D /* ViewController.m */; };
		283DFCE01D597DD0000EEF9D /* Main.storyboard in Resources */ = {isa = PBXBuildFile; fileRef = 283DFCDE1D597DD0000EEF9D /* Main.storyboard */; };
		283DFCE21D597DD0000EEF9D /* Assets.xcassets in Resources */ = {isa = PBXBuildFile; fileRef = 283DFCE11D597DD0000EEF9D /* Assets.xcassets */; };
		283DFCE51D597DD0000EEF9D /* LaunchScreen.storyboard in Resources */ = {isa = PBXBuildFile; fileRef = 283DFCE31D597DD0000EEF9D /* LaunchScreen.storyboard */; };
		283DFCF01D597DD0000EEF9D /* BluetoothDevTests.m in Sources */ = {isa = PBXBuildFile; fileRef = 283DFCEF1D597DD0000EEF9D /* BluetoothDevTests.m */; };
		283DFCFB1D597DD0000EEF9D /* BluetoothDevUITests.m in Sources */ = {isa = PBXBuildFile; fileRef = 283DFCFA1D597DD0000EEF9D /* BluetoothDevUITests.m */; };
		28C80C7C1D6BEBF900D4F841 /* SGHolderDetectedResult.m in Sources */ = {isa = PBXBuildFile; fileRef = 28C80C7B1D6BEBF900D4F841 /* SGHolderDetectedResult.m */; };
		28C8FBE71D6EEF5E00C0320F /* SNBluetoothHelper.m in Sources */ = {isa = PBXBuildFile; fileRef = 28C8FBE61D6EEF5E00C0320F /* SNBluetoothHelper.m */; };
/* End PBXBuildFile section */

/* Begin PBXContainerItemProxy section */
		283DFCEC1D597DD0000EEF9D /* PBXContainerItemProxy */ = {
			isa = PBXContainerItemProxy;
			containerPortal = 283DFCCA1D597DD0000EEF9D /* Project object */;
			proxyType = 1;
			remoteGlobalIDString = 283DFCD11D597DD0000EEF9D;
			remoteInfo = BluetoothDev;
		};
		283DFCF71D597DD0000EEF9D /* PBXContainerItemProxy */ = {
			isa = PBXContainerItemProxy;
			containerPortal = 283DFCCA1D597DD0000EEF9D /* Project object */;
			proxyType = 1;
			remoteGlobalIDString = 283DFCD11D597DD0000EEF9D;
			remoteInfo = BluetoothDev;
		};
/* End PBXContainerItemProxy section */

/* Begin PBXFileReference section */
		283DFCD21D597DD0000EEF9D /* BluetoothDev.app */ = {isa = PBXFileReference; explicitFileType = wrapper.application; includeInIndex = 0; path = BluetoothDev.app; sourceTree = BUILT_PRODUCTS_DIR; };
		283DFCD61D597DD0000EEF9D /* main.m */ = {isa = PBXFileReference; lastKnownFileType = sourcecode.c.objc; path = main.m; sourceTree = "<group>"; };
		283DFCD81D597DD0000EEF9D /* AppDelegate.h */ = {isa = PBXFileReference; lastKnownFileType = sourcecode.c.h; path = AppDelegate.h; sourceTree = "<group>"; };
		283DFCD91D597DD0000EEF9D /* AppDelegate.m */ = {isa = PBXFileReference; lastKnownFileType = sourcecode.c.objc; path = AppDelegate.m; sourceTree = "<group>"; };
		283DFCDB1D597DD0000EEF9D /* ViewController.h */ = {isa = PBXFileReference; lastKnownFileType = sourcecode.c.h; path = ViewController.h; sourceTree = "<group>"; };
		283DFCDC1D597DD0000EEF9D /* ViewController.m */ = {isa = PBXFileReference; lastKnownFileType = sourcecode.c.objc; path = ViewController.m; sourceTree = "<group>"; };
		283DFCDF1D597DD0000EEF9D /* Base */ = {isa = PBXFileReference; lastKnownFileType = file.storyboard; name = Base; path = Base.lproj/Main.storyboard; sourceTree = "<group>"; };
		283DFCE11D597DD0000EEF9D /* Assets.xcassets */ = {isa = PBXFileReference; lastKnownFileType = folder.assetcatalog; path = Assets.xcassets; sourceTree = "<group>"; };
		283DFCE41D597DD0000EEF9D /* Base */ = {isa = PBXFileReference; lastKnownFileType = file.storyboard; name = Base; path = Base.lproj/LaunchScreen.storyboard; sourceTree = "<group>"; };
		283DFCE61D597DD0000EEF9D /* Info.plist */ = {isa = PBXFileReference; lastKnownFileType = text.plist.xml; path = Info.plist; sourceTree = "<group>"; };
		283DFCEB1D597DD0000EEF9D /* BluetoothDevTests.xctest */ = {isa = PBXFileReference; explicitFileType = wrapper.cfbundle; includeInIndex = 0; path = BluetoothDevTests.xctest; sourceTree = BUILT_PRODUCTS_DIR; };
		283DFCEF1D597DD0000EEF9D /* BluetoothDevTests.m */ = {isa = PBXFileReference; lastKnownFileType = sourcecode.c.objc; path = BluetoothDevTests.m; sourceTree = "<group>"; };
		283DFCF11D597DD0000EEF9D /* Info.plist */ = {isa = PBXFileReference; lastKnownFileType = text.plist.xml; path = Info.plist; sourceTree = "<group>"; };
		283DFCF61D597DD0000EEF9D /* BluetoothDevUITests.xctest */ = {isa = PBXFileReference; explicitFileType = wrapper.cfbundle; includeInIndex = 0; path = BluetoothDevUITests.xctest; sourceTree = BUILT_PRODUCTS_DIR; };
		283DFCFA1D597DD0000EEF9D /* BluetoothDevUITests.m */ = {isa = PBXFileReference; lastKnownFileType = sourcecode.c.objc; path = BluetoothDevUITests.m; sourceTree = "<group>"; };
		283DFCFC1D597DD0000EEF9D /* Info.plist */ = {isa = PBXFileReference; lastKnownFileType = text.plist.xml; path = Info.plist; sourceTree = "<group>"; };
		28C80C7A1D6BEBF900D4F841 /* SGHolderDetectedResult.h */ = {isa = PBXFileReference; fileEncoding = 4; lastKnownFileType = sourcecode.c.h; path = SGHolderDetectedResult.h; sourceTree = "<group>"; };
		28C80C7B1D6BEBF900D4F841 /* SGHolderDetectedResult.m */ = {isa = PBXFileReference; fileEncoding = 4; lastKnownFileType = sourcecode.c.objc; path = SGHolderDetectedResult.m; sourceTree = "<group>"; };
		28C8FBE51D6EEF5E00C0320F /* SNBluetoothHelper.h */ = {isa = PBXFileReference; fileEncoding = 4; lastKnownFileType = sourcecode.c.h; path = SNBluetoothHelper.h; sourceTree = "<group>"; };
		28C8FBE61D6EEF5E00C0320F /* SNBluetoothHelper.m */ = {isa = PBXFileReference; fileEncoding = 4; lastKnownFileType = sourcecode.c.objc; path = SNBluetoothHelper.m; sourceTree = "<group>"; };
/* End PBXFileReference section */

/* Begin PBXFrameworksBuildPhase section */
		283DFCCF1D597DD0000EEF9D /* Frameworks */ = {
			isa = PBXFrameworksBuildPhase;
			buildActionMask = 2147483647;
			files = (
			);
			runOnlyForDeploymentPostprocessing = 0;
		};
		283DFCE81D597DD0000EEF9D /* Frameworks */ = {
			isa = PBXFrameworksBuildPhase;
			buildActionMask = 2147483647;
			files = (
			);
			runOnlyForDeploymentPostprocessing = 0;
		};
		283DFCF31D597DD0000EEF9D /* Frameworks */ = {
			isa = PBXFrameworksBuildPhase;
			buildActionMask = 2147483647;
			files = (
			);
			runOnlyForDeploymentPostprocessing = 0;
		};
/* End PBXFrameworksBuildPhase section */

/* Begin PBXGroup section */
		283DFCC91D597DD0000EEF9D = {
			isa = PBXGroup;
			children = (
				283DFCD41D597DD0000EEF9D /* BluetoothDev */,
				283DFCEE1D597DD0000EEF9D /* BluetoothDevTests */,
				283DFCF91D597DD0000EEF9D /* BluetoothDevUITests */,
				283DFCD31D597DD0000EEF9D /* Products */,
			);
			sourceTree = "<group>";
		};
		283DFCD31D597DD0000EEF9D /* Products */ = {
			isa = PBXGroup;
			children = (
				283DFCD21D597DD0000EEF9D /* BluetoothDev.app */,
				283DFCEB1D597DD0000EEF9D /* BluetoothDevTests.xctest */,
				283DFCF61D597DD0000EEF9D /* BluetoothDevUITests.xctest */,
			);
			name = Products;
			sourceTree = "<group>";
		};
		283DFCD41D597DD0000EEF9D /* BluetoothDev */ = {
			isa = PBXGroup;
			children = (
				283DFCD81D597DD0000EEF9D /* AppDelegate.h */,
				283DFCD91D597DD0000EEF9D /* AppDelegate.m */,
				283DFCDB1D597DD0000EEF9D /* ViewController.h */,
				283DFCDC1D597DD0000EEF9D /* ViewController.m */,
				28C8FBE51D6EEF5E00C0320F /* SNBluetoothHelper.h */,
				28C8FBE61D6EEF5E00C0320F /* SNBluetoothHelper.m */,
				28C80C7A1D6BEBF900D4F841 /* SGHolderDetectedResult.h */,
				28C80C7B1D6BEBF900D4F841 /* SGHolderDetectedResult.m */,
				283DFCDE1D597DD0000EEF9D /* Main.storyboard */,
				283DFCE11D597DD0000EEF9D /* Assets.xcassets */,
				283DFCE31D597DD0000EEF9D /* LaunchScreen.storyboard */,
				283DFCE61D597DD0000EEF9D /* Info.plist */,
				283DFCD51D597DD0000EEF9D /* Supporting Files */,
			);
			path = BluetoothDev;
			sourceTree = "<group>";
		};
		283DFCD51D597DD0000EEF9D /* Supporting Files */ = {
			isa = PBXGroup;
			children = (
				283DFCD61D597DD0000EEF9D /* main.m */,
			);
			name = "Supporting Files";
			sourceTree = "<group>";
		};
		283DFCEE1D597DD0000EEF9D /* BluetoothDevTests */ = {
			isa = PBXGroup;
			children = (
				283DFCEF1D597DD0000EEF9D /* BluetoothDevTests.m */,
				283DFCF11D597DD0000EEF9D /* Info.plist */,
			);
			path = BluetoothDevTests;
			sourceTree = "<group>";
		};
		283DFCF91D597DD0000EEF9D /* BluetoothDevUITests */ = {
			isa = PBXGroup;
			children = (
				283DFCFA1D597DD0000EEF9D /* BluetoothDevUITests.m */,
				283DFCFC1D597DD0000EEF9D /* Info.plist */,
			);
			path = BluetoothDevUITests;
			sourceTree = "<group>";
		};
/* End PBXGroup section */

/* Begin PBXNativeTarget section */
		283DFCD11D597DD0000EEF9D /* BluetoothDev */ = {
			isa = PBXNativeTarget;
			buildConfigurationList = 283DFCFF1D597DD0000EEF9D /* Build configuration list for PBXNativeTarget "BluetoothDev" */;
			buildPhases = (
				283DFCCE1D597DD0000EEF9D /* Sources */,
				283DFCCF1D597DD0000EEF9D /* Frameworks */,
				283DFCD01D597DD0000EEF9D /* Resources */,
			);
			buildRules = (
			);
			dependencies = (
			);
			name = BluetoothDev;
			productName = BluetoothDev;
			productReference = 283DFCD21D597DD0000EEF9D /* BluetoothDev.app */;
			productType = "com.apple.product-type.application";
		};
		283DFCEA1D597DD0000EEF9D /* BluetoothDevTests */ = {
			isa = PBXNativeTarget;
			buildConfigurationList = 283DFD021D597DD0000EEF9D /* Build configuration list for PBXNativeTarget "BluetoothDevTests" */;
			buildPhases = (
				283DFCE71D597DD0000EEF9D /* Sources */,
				283DFCE81D597DD0000EEF9D /* Frameworks */,
				283DFCE91D597DD0000EEF9D /* Resources */,
			);
			buildRules = (
			);
			dependencies = (
				283DFCED1D597DD0000EEF9D /* PBXTargetDependency */,
			);
			name = BluetoothDevTests;
			productName = BluetoothDevTests;
			productReference = 283DFCEB1D597DD0000EEF9D /* BluetoothDevTests.xctest */;
			productType = "com.apple.product-type.bundle.unit-test";
		};
		283DFCF51D597DD0000EEF9D /* BluetoothDevUITests */ = {
			isa = PBXNativeTarget;
			buildConfigurationList = 283DFD051D597DD0000EEF9D /* Build configuration list for PBXNativeTarget "BluetoothDevUITests" */;
			buildPhases = (
				283DFCF21D597DD0000EEF9D /* Sources */,
				283DFCF31D597DD0000EEF9D /* Frameworks */,
				283DFCF41D597DD0000EEF9D /* Resources */,
			);
			buildRules = (
			);
			dependencies = (
				283DFCF81D597DD0000EEF9D /* PBXTargetDependency */,
			);
			name = BluetoothDevUITests;
			productName = BluetoothDevUITests;
			productReference = 283DFCF61D597DD0000EEF9D /* BluetoothDevUITests.xctest */;
			productType = "com.apple.product-type.bundle.ui-testing";
		};
/* End PBXNativeTarget section */

/* Begin PBXProject section */
		283DFCCA1D597DD0000EEF9D /* Project object */ = {
			isa = PBXProject;
			attributes = {
				LastUpgradeCheck = 0720;
				ORGANIZATIONNAME = solon;
				TargetAttributes = {
					283DFCD11D597DD0000EEF9D = {
						CreatedOnToolsVersion = 7.2;
					};
					283DFCEA1D597DD0000EEF9D = {
						CreatedOnToolsVersion = 7.2;
						TestTargetID = 283DFCD11D597DD0000EEF9D;
					};
					283DFCF51D597DD0000EEF9D = {
						CreatedOnToolsVersion = 7.2;
						TestTargetID = 283DFCD11D597DD0000EEF9D;
					};
				};
			};
			buildConfigurationList = 283DFCCD1D597DD0000EEF9D /* Build configuration list for PBXProject "BluetoothDev" */;
			compatibilityVersion = "Xcode 3.2";
			developmentRegion = English;
			hasScannedForEncodings = 0;
			knownRegions = (
				en,
				Base,
			);
			mainGroup = 283DFCC91D597DD0000EEF9D;
			productRefGroup = 283DFCD31D597DD0000EEF9D /* Products */;
			projectDirPath = "";
			projectRoot = "";
			targets = (
				283DFCD11D597DD0000EEF9D /* BluetoothDev */,
				283DFCEA1D597DD0000EEF9D /* BluetoothDevTests */,
				283DFCF51D597DD0000EEF9D /* BluetoothDevUITests */,
			);
		};
/* End PBXProject section */

/* Begin PBXResourcesBuildPhase section */
		283DFCD01D597DD0000EEF9D /* Resources */ = {
			isa = PBXResourcesBuildPhase;
			buildActionMask = 2147483647;
			files = (
				283DFCE51D597DD0000EEF9D /* LaunchScreen.storyboard in Resources */,
				283DFCE21D597DD0000EEF9D /* Assets.xcassets in Resources */,
				283DFCE01D597DD0000EEF9D /* Main.storyboard in Resources */,
			);
			runOnlyForDeploymentPostprocessing = 0;
		};
		283DFCE91D597DD0000EEF9D /* Resources */ = {
			isa = PBXResourcesBuildPhase;
			buildActionMask = 2147483647;
			files = (
			);
			runOnlyForDeploymentPostprocessing = 0;
		};
		283DFCF41D597DD0000EEF9D /* Resources */ = {
			isa = PBXResourcesBuildPhase;
			buildActionMask = 2147483647;
			files = (
			);
			runOnlyForDeploymentPostprocessing = 0;
		};
/* End PBXResourcesBuildPhase section */

/* Begin PBXSourcesBuildPhase section */
		283DFCCE1D597DD0000EEF9D /* Sources */ = {
			isa = PBXSourcesBuildPhase;
			buildActionMask = 2147483647;
			files = (
				28C80C7C1D6BEBF900D4F841 /* SGHolderDetectedResult.m in Sources */,
				283DFCDD1D597DD0000EEF9D /* ViewController.m in Sources */,
				28C8FBE71D6EEF5E00C0320F /* SNBluetoothHelper.m in Sources */,
				283DFCDA1D597DD0000EEF9D /* AppDelegate.m in Sources */,
				283DFCD71D597DD0000EEF9D /* main.m in Sources */,
			);
			runOnlyForDeploymentPostprocessing = 0;
		};
		283DFCE71D597DD0000EEF9D /* Sources */ = {
			isa = PBXSourcesBuildPhase;
			buildActionMask = 2147483647;
			files = (
				283DFCF01D597DD0000EEF9D /* BluetoothDevTests.m in Sources */,
			);
			runOnlyForDeploymentPostprocessing = 0;
		};
		283DFCF21D597DD0000EEF9D /* Sources */ = {
			isa = PBXSourcesBuildPhase;
			buildActionMask = 2147483647;
			files = (
				283DFCFB1D597DD0000EEF9D /* BluetoothDevUITests.m in Sources */,
			);
			runOnlyForDeploymentPostprocessing = 0;
		};
/* End PBXSourcesBuildPhase section */

/* Begin PBXTargetDependency section */
		283DFCED1D597DD0000EEF9D /* PBXTargetDependency */ = {
			isa = PBXTargetDependency;
			target = 283DFCD11D597DD0000EEF9D /* BluetoothDev */;
			targetProxy = 283DFCEC1D597DD0000EEF9D /* PBXContainerItemProxy */;
		};
		283DFCF81D597DD0000EEF9D /* PBXTargetDependency */ = {
			isa = PBXTargetDependency;
			target = 283DFCD11D597DD0000EEF9D /* BluetoothDev */;
			targetProxy = 283DFCF71D597DD0000EEF9D /* PBXContainerItemProxy */;
		};
/* End PBXTargetDependency section */

/* Begin PBXVariantGroup section */
		283DFCDE1D597DD0000EEF9D /* Main.storyboard */ = {
			isa = PBXVariantGroup;
			children = (
				283DFCDF1D597DD0000EEF9D /* Base */,
			);
			name = Main.storyboard;
			sourceTree = "<group>";
		};
		283DFCE31D597DD0000EEF9D /* LaunchScreen.storyboard */ = {
			isa = PBXVariantGroup;
			children = (
				283DFCE41D597DD0000EEF9D /* Base */,
			);
			name = LaunchScreen.storyboard;
			sourceTree = "<group>";
		};
/* End PBXVariantGroup section */

/* Begin XCBuildConfiguration section */
		283DFCFD1D597DD0000EEF9D /* Debug */ = {
			isa = XCBuildConfiguration;
			buildSettings = {
				ALWAYS_SEARCH_USER_PATHS = NO;
				CLANG_CXX_LANGUAGE_STANDARD = "gnu++0x";
				CLANG_CXX_LIBRARY = "libc++";
				CLANG_ENABLE_MODULES = YES;
				CLANG_ENABLE_OBJC_ARC = YES;
				CLANG_WARN_BOOL_CONVERSION = YES;
				CLANG_WARN_CONSTANT_CONVERSION = YES;
				CLANG_WARN_DIRECT_OBJC_ISA_USAGE = YES_ERROR;
				CLANG_WARN_EMPTY_BODY = YES;
				CLANG_WARN_ENUM_CONVERSION = YES;
				CLANG_WARN_INT_CONVERSION = YES;
				CLANG_WARN_OBJC_ROOT_CLASS = YES_ERROR;
				CLANG_WARN_UNREACHABLE_CODE = YES;
				CLANG_WARN__DUPLICATE_METHOD_MATCH = YES;
				"CODE_SIGN_IDENTITY[sdk=iphoneos*]" = "iPhone Developer";
				COPY_PHASE_STRIP = NO;
				DEBUG_INFORMATION_FORMAT = dwarf;
				ENABLE_STRICT_OBJC_MSGSEND = YES;
				ENABLE_TESTABILITY = YES;
				GCC_C_LANGUAGE_STANDARD = gnu99;
				GCC_DYNAMIC_NO_PIC = NO;
				GCC_NO_COMMON_BLOCKS = YES;
				GCC_OPTIMIZATION_LEVEL = 0;
				GCC_PREPROCESSOR_DEFINITIONS = (
					"DEBUG=1",
					"$(inherited)",
				);
				GCC_WARN_64_TO_32_BIT_CONVERSION = YES;
				GCC_WARN_ABOUT_RETURN_TYPE = YES_ERROR;
				GCC_WARN_UNDECLARED_SELECTOR = YES;
				GCC_WARN_UNINITIALIZED_AUTOS = YES_AGGRESSIVE;
				GCC_WARN_UNUSED_FUNCTION = YES;
				GCC_WARN_UNUSED_VARIABLE = YES;
				IPHONEOS_DEPLOYMENT_TARGET = 9.2;
				MTL_ENABLE_DEBUG_INFO = YES;
				ONLY_ACTIVE_ARCH = YES;
				SDKROOT = iphoneos;
			};
			name = Debug;
		};
		283DFCFE1D597DD0000EEF9D /* Release */ = {
			isa = XCBuildConfiguration;
			buildSettings = {
				ALWAYS_SEARCH_USER_PATHS = NO;
				CLANG_CXX_LANGUAGE_STANDARD = "gnu++0x";
				CLANG_CXX_LIBRARY = "libc++";
				CLANG_ENABLE_MODULES = YES;
				CLANG_ENABLE_OBJC_ARC = YES;
				CLANG_WARN_BOOL_CONVERSION = YES;
				CLANG_WARN_CONSTANT_CONVERSION = YES;
				CLANG_WARN_DIRECT_OBJC_ISA_USAGE = YES_ERROR;
				CLANG_WARN_EMPTY_BODY = YES;
				CLANG_WARN_ENUM_CONVERSION = YES;
				CLANG_WARN_INT_CONVERSION = YES;
				CLANG_WARN_OBJC_ROOT_CLASS = YES_ERROR;
				CLANG_WARN_UNREACHABLE_CODE = YES;
				CLANG_WARN__DUPLICATE_METHOD_MATCH = YES;
				"CODE_SIGN_IDENTITY[sdk=iphoneos*]" = "iPhone Developer";
				COPY_PHASE_STRIP = NO;
				DEBUG_INFORMATION_FORMAT = "dwarf-with-dsym";
				ENABLE_NS_ASSERTIONS = NO;
				ENABLE_STRICT_OBJC_MSGSEND = YES;
				GCC_C_LANGUAGE_STANDARD = gnu99;
				GCC_NO_COMMON_BLOCKS = YES;
				GCC_WARN_64_TO_32_BIT_CONVERSION = YES;
				GCC_WARN_ABOUT_RETURN_TYPE = YES_ERROR;
				GCC_WARN_UNDECLARED_SELECTOR = YES;
				GCC_WARN_UNINITIALIZED_AUTOS = YES_AGGRESSIVE;
				GCC_WARN_UNUSED_FUNCTION = YES;
				GCC_WARN_UNUSED_VARIABLE = YES;
				IPHONEOS_DEPLOYMENT_TARGET = 9.2;
				MTL_ENABLE_DEBUG_INFO = NO;
				SDKROOT = iphoneos;
				VALIDATE_PRODUCT = YES;
			};
			name = Release;
		};
		283DFD001D597DD0000EEF9D /* Debug */ = {
			isa = XCBuildConfiguration;
			buildSettings = {
				ASSETCATALOG_COMPILER_APPICON_NAME = AppIcon;
				INFOPLIST_FILE = BluetoothDev/Info.plist;
				LD_RUNPATH_SEARCH_PATHS = "$(inherited) @executable_path/Frameworks";
				PRODUCT_BUNDLE_IDENTIFIER = com.solonpu.BluetoothDev;
				PRODUCT_NAME = "$(TARGET_NAME)";
			};
			name = Debug;
		};
		283DFD011D597DD0000EEF9D /* Release */ = {
			isa = XCBuildConfiguration;
			buildSettings = {
				ASSETCATALOG_COMPILER_APPICON_NAME = AppIcon;
				INFOPLIST_FILE = BluetoothDev/Info.plist;
				LD_RUNPATH_SEARCH_PATHS = "$(inherited) @executable_path/Frameworks";
				PRODUCT_BUNDLE_IDENTIFIER = com.solonpu.BluetoothDev;
				PRODUCT_NAME = "$(TARGET_NAME)";
			};
			name = Release;
		};
		283DFD031D597DD0000EEF9D /* Debug */ = {
			isa = XCBuildConfiguration;
			buildSettings = {
				BUNDLE_LOADER = "$(TEST_HOST)";
				INFOPLIST_FILE = BluetoothDevTests/Info.plist;
				LD_RUNPATH_SEARCH_PATHS = "$(inherited) @executable_path/Frameworks @loader_path/Frameworks";
				PRODUCT_BUNDLE_IDENTIFIER = com.solonpu.BluetoothDevTests;
				PRODUCT_NAME = "$(TARGET_NAME)";
				TEST_HOST = "$(BUILT_PRODUCTS_DIR)/BluetoothDev.app/BluetoothDev";
			};
			name = Debug;
		};
		283DFD041D597DD0000EEF9D /* Release */ = {
			isa = XCBuildConfiguration;
			buildSettings = {
				BUNDLE_LOADER = "$(TEST_HOST)";
				INFOPLIST_FILE = BluetoothDevTests/Info.plist;
				LD_RUNPATH_SEARCH_PATHS = "$(inherited) @executable_path/Frameworks @loader_path/Frameworks";
				PRODUCT_BUNDLE_IDENTIFIER = com.solonpu.BluetoothDevTests;
				PRODUCT_NAME = "$(TARGET_NAME)";
				TEST_HOST = "$(BUILT_PRODUCTS_DIR)/BluetoothDev.app/BluetoothDev";
			};
			name = Release;
		};
		283DFD061D597DD0000EEF9D /* Debug */ = {
			isa = XCBuildConfiguration;
			buildSettings = {
				INFOPLIST_FILE = BluetoothDevUITests/Info.plist;
				LD_RUNPATH_SEARCH_PATHS = "$(inherited) @executable_path/Frameworks @loader_path/Frameworks";
				PRODUCT_BUNDLE_IDENTIFIER = com.solonpu.BluetoothDevUITests;
				PRODUCT_NAME = "$(TARGET_NAME)";
				TEST_TARGET_NAME = BluetoothDev;
				USES_XCTRUNNER = YES;
			};
			name = Debug;
		};
		283DFD071D597DD0000EEF9D /* Release */ = {
			isa = XCBuildConfiguration;
			buildSettings = {
				INFOPLIST_FILE = BluetoothDevUITests/Info.plist;
				LD_RUNPATH_SEARCH_PATHS = "$(inherited) @executable_path/Frameworks @loader_path/Frameworks";
				PRODUCT_BUNDLE_IDENTIFIER = com.solonpu.BluetoothDevUITests;
				PRODUCT_NAME = "$(TARGET_NAME)";
				TEST_TARGET_NAME = BluetoothDev;
				USES_XCTRUNNER = YES;
			};
			name = Release;
		};
/* End XCBuildConfiguration section */

/* Begin XCConfigurationList section */
		283DFCCD1D597DD0000EEF9D /* Build configuration list for PBXProject "BluetoothDev" */ = {
			isa = XCConfigurationList;
			buildConfigurations = (
				283DFCFD1D597DD0000EEF9D /* Debug */,
				283DFCFE1D597DD0000EEF9D /* Release */,
			);
			defaultConfigurationIsVisible = 0;
			defaultConfigurationName = Release;
		};
		283DFCFF1D597DD0000EEF9D /* Build configuration list for PBXNativeTarget "BluetoothDev" */ = {
			isa = XCConfigurationList;
			buildConfigurations = (
				283DFD001D597DD0000EEF9D /* Debug */,
				283DFD011D597DD0000EEF9D /* Release */,
			);
			defaultConfigurationIsVisible = 0;
			defaultConfigurationName = Release;
		};
		283DFD021D597DD0000EEF9D /* Build configuration list for PBXNativeTarget "BluetoothDevTests" */ = {
			isa = XCConfigurationList;
			buildConfigurations = (
				283DFD031D597DD0000EEF9D /* Debug */,
				283DFD041D597DD0000EEF9D /* Release */,
			);
			defaultConfigurationIsVisible = 0;
			defaultConfigurationName = Release;
		};
		283DFD051D597DD0000EEF9D /* Build configuration list for PBXNativeTarget "BluetoothDevUITests" */ = {
			isa = XCConfigurationList;
			buildConfigurations = (
				283DFD061D597DD0000EEF9D /* Debug */,
				283DFD071D597DD0000EEF9D /* Release */,
			);
			defaultConfigurationIsVisible = 0;
			defaultConfigurationName = Release;
		};
/* End XCConfigurationList section */
	};
	rootObject = 283DFCCA1D597DD0000EEF9D /* Project object */;
}
