// !$*UTF8*$!
{
	archiveVersion = 1;
	classes = {
	};
	objectVersion = 46;
	objects = {

/* Begin PBXBuildFile section */
		2858D4CB1DC5A7C500CCB5CA /* AppDelegate.swift in Sources */ = {isa = PBXBuildFile; fileRef = 2858D4CA1DC5A7C500CCB5CA /* AppDelegate.swift */; };
		2858D4CD1DC5A7C500CCB5CA /* ViewController.swift in Sources */ = {isa = PBXBuildFile; fileRef = 2858D4CC1DC5A7C500CCB5CA /* ViewController.swift */; };
		2858D4D01DC5A7C500CCB5CA /* Main.storyboard in Resources */ = {isa = PBXBuildFile; fileRef = 2858D4CE1DC5A7C500CCB5CA /* Main.storyboard */; };
		2858D4D21DC5A7C500CCB5CA /* Assets.xcassets in Resources */ = {isa = PBXBuildFile; fileRef = 2858D4D11DC5A7C500CCB5CA /* Assets.xcassets */; };
		2858D4D51DC5A7C500CCB5CA /* LaunchScreen.storyboard in Resources */ = {isa = PBXBuildFile; fileRef = 2858D4D31DC5A7C500CCB5CA /* LaunchScreen.storyboard */; };
		2858D4E01DC5A7C500CCB5CA /* SNCustomFontTests.swift in Sources */ = {isa = PBXBuildFile; fileRef = 2858D4DF1DC5A7C500CCB5CA /* SNCustomFontTests.swift */; };
		2858D4EB1DC5A7C500CCB5CA /* SNCustomFontUITests.swift in Sources */ = {isa = PBXBuildFile; fileRef = 2858D4EA1DC5A7C500CCB5CA /* SNCustomFontUITests.swift */; };
		2858D4FD1DC5A82600CCB5CA /* Gaspar Regular.otf in Resources */ = {isa = PBXBuildFile; fileRef = 2858D4F91DC5A82600CCB5CA /* Gaspar Regular.otf */; };
		2858D4FE1DC5A82600CCB5CA /* MFJinHei_Noncommercial-Regular.ttf in Resources */ = {isa = PBXBuildFile; fileRef = 2858D4FA1DC5A82600CCB5CA /* MFJinHei_Noncommercial-Regular.ttf */; };
		2858D4FF1DC5A82600CCB5CA /* MFTongXin_Noncommercial-Regular.ttf in Resources */ = {isa = PBXBuildFile; fileRef = 2858D4FB1DC5A82600CCB5CA /* MFTongXin_Noncommercial-Regular.ttf */; };
		2858D5001DC5A82600CCB5CA /* MFZhiHei_Noncommercial-Regular.ttf in Resources */ = {isa = PBXBuildFile; fileRef = 2858D4FC1DC5A82600CCB5CA /* MFZhiHei_Noncommercial-Regular.ttf */; };
/* End PBXBuildFile section */

/* Begin PBXContainerItemProxy section */
		2858D4DC1DC5A7C500CCB5CA /* PBXContainerItemProxy */ = {
			isa = PBXContainerItemProxy;
			containerPortal = 2858D4BF1DC5A7C500CCB5CA /* Project object */;
			proxyType = 1;
			remoteGlobalIDString = 2858D4C61DC5A7C500CCB5CA;
			remoteInfo = SNCustomFont;
		};
		2858D4E71DC5A7C500CCB5CA /* PBXContainerItemProxy */ = {
			isa = PBXContainerItemProxy;
			containerPortal = 2858D4BF1DC5A7C500CCB5CA /* Project object */;
			proxyType = 1;
			remoteGlobalIDString = 2858D4C61DC5A7C500CCB5CA;
			remoteInfo = SNCustomFont;
		};
/* End PBXContainerItemProxy section */

/* Begin PBXFileReference section */
		2858D4C71DC5A7C500CCB5CA /* SNCustomFont.app */ = {isa = PBXFileReference; explicitFileType = wrapper.application; includeInIndex = 0; path = SNCustomFont.app; sourceTree = BUILT_PRODUCTS_DIR; };
		2858D4CA1DC5A7C500CCB5CA /* AppDelegate.swift */ = {isa = PBXFileReference; lastKnownFileType = sourcecode.swift; path = AppDelegate.swift; sourceTree = "<group>"; };
		2858D4CC1DC5A7C500CCB5CA /* ViewController.swift */ = {isa = PBXFileReference; lastKnownFileType = sourcecode.swift; path = ViewController.swift; sourceTree = "<group>"; };
		2858D4CF1DC5A7C500CCB5CA /* Base */ = {isa = PBXFileReference; lastKnownFileType = file.storyboard; name = Base; path = Base.lproj/Main.storyboard; sourceTree = "<group>"; };
		2858D4D11DC5A7C500CCB5CA /* Assets.xcassets */ = {isa = PBXFileReference; lastKnownFileType = folder.assetcatalog; path = Assets.xcassets; sourceTree = "<group>"; };
		2858D4D41DC5A7C500CCB5CA /* Base */ = {isa = PBXFileReference; lastKnownFileType = file.storyboard; name = Base; path = Base.lproj/LaunchScreen.storyboard; sourceTree = "<group>"; };
		2858D4D61DC5A7C500CCB5CA /* Info.plist */ = {isa = PBXFileReference; lastKnownFileType = text.plist.xml; path = Info.plist; sourceTree = "<group>"; };
		2858D4DB1DC5A7C500CCB5CA /* SNCustomFontTests.xctest */ = {isa = PBXFileReference; explicitFileType = wrapper.cfbundle; includeInIndex = 0; path = SNCustomFontTests.xctest; sourceTree = BUILT_PRODUCTS_DIR; };
		2858D4DF1DC5A7C500CCB5CA /* SNCustomFontTests.swift */ = {isa = PBXFileReference; lastKnownFileType = sourcecode.swift; path = SNCustomFontTests.swift; sourceTree = "<group>"; };
		2858D4E11DC5A7C500CCB5CA /* Info.plist */ = {isa = PBXFileReference; lastKnownFileType = text.plist.xml; path = Info.plist; sourceTree = "<group>"; };
		2858D4E61DC5A7C500CCB5CA /* SNCustomFontUITests.xctest */ = {isa = PBXFileReference; explicitFileType = wrapper.cfbundle; includeInIndex = 0; path = SNCustomFontUITests.xctest; sourceTree = BUILT_PRODUCTS_DIR; };
		2858D4EA1DC5A7C500CCB5CA /* SNCustomFontUITests.swift */ = {isa = PBXFileReference; lastKnownFileType = sourcecode.swift; path = SNCustomFontUITests.swift; sourceTree = "<group>"; };
		2858D4EC1DC5A7C500CCB5CA /* Info.plist */ = {isa = PBXFileReference; lastKnownFileType = text.plist.xml; path = Info.plist; sourceTree = "<group>"; };
		2858D4F91DC5A82600CCB5CA /* Gaspar Regular.otf */ = {isa = PBXFileReference; lastKnownFileType = file; path = "Gaspar Regular.otf"; sourceTree = "<group>"; };
		2858D4FA1DC5A82600CCB5CA /* MFJinHei_Noncommercial-Regular.ttf */ = {isa = PBXFileReference; lastKnownFileType = file; path = "MFJinHei_Noncommercial-Regular.ttf"; sourceTree = "<group>"; };
		2858D4FB1DC5A82600CCB5CA /* MFTongXin_Noncommercial-Regular.ttf */ = {isa = PBXFileReference; lastKnownFileType = file; path = "MFTongXin_Noncommercial-Regular.ttf"; sourceTree = "<group>"; };
		2858D4FC1DC5A82600CCB5CA /* MFZhiHei_Noncommercial-Regular.ttf */ = {isa = PBXFileReference; lastKnownFileType = file; path = "MFZhiHei_Noncommercial-Regular.ttf"; sourceTree = "<group>"; };
/* End PBXFileReference section */

/* Begin PBXFrameworksBuildPhase section */
		2858D4C41DC5A7C500CCB5CA /* Frameworks */ = {
			isa = PBXFrameworksBuildPhase;
			buildActionMask = 2147483647;
			files = (
			);
			runOnlyForDeploymentPostprocessing = 0;
		};
		2858D4D81DC5A7C500CCB5CA /* Frameworks */ = {
			isa = PBXFrameworksBuildPhase;
			buildActionMask = 2147483647;
			files = (
			);
			runOnlyForDeploymentPostprocessing = 0;
		};
		2858D4E31DC5A7C500CCB5CA /* Frameworks */ = {
			isa = PBXFrameworksBuildPhase;
			buildActionMask = 2147483647;
			files = (
			);
			runOnlyForDeploymentPostprocessing = 0;
		};
/* End PBXFrameworksBuildPhase section */

/* Begin PBXGroup section */
		2858D4BE1DC5A7C500CCB5CA = {
			isa = PBXGroup;
			children = (
				2858D4C91DC5A7C500CCB5CA /* SNCustomFont */,
				2858D4DE1DC5A7C500CCB5CA /* SNCustomFontTests */,
				2858D4E91DC5A7C500CCB5CA /* SNCustomFontUITests */,
				2858D4C81DC5A7C500CCB5CA /* Products */,
			);
			sourceTree = "<group>";
		};
		2858D4C81DC5A7C500CCB5CA /* Products */ = {
			isa = PBXGroup;
			children = (
				2858D4C71DC5A7C500CCB5CA /* SNCustomFont.app */,
				2858D4DB1DC5A7C500CCB5CA /* SNCustomFontTests.xctest */,
				2858D4E61DC5A7C500CCB5CA /* SNCustomFontUITests.xctest */,
			);
			name = Products;
			sourceTree = "<group>";
		};
		2858D4C91DC5A7C500CCB5CA /* SNCustomFont */ = {
			isa = PBXGroup;
			children = (
				2858D4CA1DC5A7C500CCB5CA /* AppDelegate.swift */,
				2858D4CC1DC5A7C500CCB5CA /* ViewController.swift */,
				2858D4CE1DC5A7C500CCB5CA /* Main.storyboard */,
				2858D4D11DC5A7C500CCB5CA /* Assets.xcassets */,
				2858D4D31DC5A7C500CCB5CA /* LaunchScreen.storyboard */,
				2858D4D61DC5A7C500CCB5CA /* Info.plist */,
				2858D4F81DC5A82600CCB5CA /* Fonts */,
			);
			path = SNCustomFont;
			sourceTree = "<group>";
		};
		2858D4DE1DC5A7C500CCB5CA /* SNCustomFontTests */ = {
			isa = PBXGroup;
			children = (
				2858D4DF1DC5A7C500CCB5CA /* SNCustomFontTests.swift */,
				2858D4E11DC5A7C500CCB5CA /* Info.plist */,
			);
			path = SNCustomFontTests;
			sourceTree = "<group>";
		};
		2858D4E91DC5A7C500CCB5CA /* SNCustomFontUITests */ = {
			isa = PBXGroup;
			children = (
				2858D4EA1DC5A7C500CCB5CA /* SNCustomFontUITests.swift */,
				2858D4EC1DC5A7C500CCB5CA /* Info.plist */,
			);
			path = SNCustomFontUITests;
			sourceTree = "<group>";
		};
		2858D4F81DC5A82600CCB5CA /* Fonts */ = {
			isa = PBXGroup;
			children = (
				2858D4F91DC5A82600CCB5CA /* Gaspar Regular.otf */,
				2858D4FA1DC5A82600CCB5CA /* MFJinHei_Noncommercial-Regular.ttf */,
				2858D4FB1DC5A82600CCB5CA /* MFTongXin_Noncommercial-Regular.ttf */,
				2858D4FC1DC5A82600CCB5CA /* MFZhiHei_Noncommercial-Regular.ttf */,
			);
			path = Fonts;
			sourceTree = "<group>";
		};
/* End PBXGroup section */

/* Begin PBXNativeTarget section */
		2858D4C61DC5A7C500CCB5CA /* SNCustomFont */ = {
			isa = PBXNativeTarget;
			buildConfigurationList = 2858D4EF1DC5A7C500CCB5CA /* Build configuration list for PBXNativeTarget "SNCustomFont" */;
			buildPhases = (
				2858D4C31DC5A7C500CCB5CA /* Sources */,
				2858D4C41DC5A7C500CCB5CA /* Frameworks */,
				2858D4C51DC5A7C500CCB5CA /* Resources */,
			);
			buildRules = (
			);
			dependencies = (
			);
			name = SNCustomFont;
			productName = SNCustomFont;
			productReference = 2858D4C71DC5A7C500CCB5CA /* SNCustomFont.app */;
			productType = "com.apple.product-type.application";
		};
		2858D4DA1DC5A7C500CCB5CA /* SNCustomFontTests */ = {
			isa = PBXNativeTarget;
			buildConfigurationList = 2858D4F21DC5A7C500CCB5CA /* Build configuration list for PBXNativeTarget "SNCustomFontTests" */;
			buildPhases = (
				2858D4D71DC5A7C500CCB5CA /* Sources */,
				2858D4D81DC5A7C500CCB5CA /* Frameworks */,
				2858D4D91DC5A7C500CCB5CA /* Resources */,
			);
			buildRules = (
			);
			dependencies = (
				2858D4DD1DC5A7C500CCB5CA /* PBXTargetDependency */,
			);
			name = SNCustomFontTests;
			productName = SNCustomFontTests;
			productReference = 2858D4DB1DC5A7C500CCB5CA /* SNCustomFontTests.xctest */;
			productType = "com.apple.product-type.bundle.unit-test";
		};
		2858D4E51DC5A7C500CCB5CA /* SNCustomFontUITests */ = {
			isa = PBXNativeTarget;
			buildConfigurationList = 2858D4F51DC5A7C500CCB5CA /* Build configuration list for PBXNativeTarget "SNCustomFontUITests" */;
			buildPhases = (
				2858D4E21DC5A7C500CCB5CA /* Sources */,
				2858D4E31DC5A7C500CCB5CA /* Frameworks */,
				2858D4E41DC5A7C500CCB5CA /* Resources */,
			);
			buildRules = (
			);
			dependencies = (
				2858D4E81DC5A7C500CCB5CA /* PBXTargetDependency */,
			);
			name = SNCustomFontUITests;
			productName = SNCustomFontUITests;
			productReference = 2858D4E61DC5A7C500CCB5CA /* SNCustomFontUITests.xctest */;
			productType = "com.apple.product-type.bundle.ui-testing";
		};
/* End PBXNativeTarget section */

/* Begin PBXProject section */
		2858D4BF1DC5A7C500CCB5CA /* Project object */ = {
			isa = PBXProject;
			attributes = {
				LastSwiftUpdateCheck = 0720;
				LastUpgradeCheck = 0720;
				ORGANIZATIONNAME = solon;
				TargetAttributes = {
					2858D4C61DC5A7C500CCB5CA = {
						CreatedOnToolsVersion = 7.2;
					};
					2858D4DA1DC5A7C500CCB5CA = {
						CreatedOnToolsVersion = 7.2;
						TestTargetID = 2858D4C61DC5A7C500CCB5CA;
					};
					2858D4E51DC5A7C500CCB5CA = {
						CreatedOnToolsVersion = 7.2;
						TestTargetID = 2858D4C61DC5A7C500CCB5CA;
					};
				};
			};
			buildConfigurationList = 2858D4C21DC5A7C500CCB5CA /* Build configuration list for PBXProject "SNCustomFont" */;
			compatibilityVersion = "Xcode 3.2";
			developmentRegion = English;
			hasScannedForEncodings = 0;
			knownRegions = (
				en,
				Base,
			);
			mainGroup = 2858D4BE1DC5A7C500CCB5CA;
			productRefGroup = 2858D4C81DC5A7C500CCB5CA /* Products */;
			projectDirPath = "";
			projectRoot = "";
			targets = (
				2858D4C61DC5A7C500CCB5CA /* SNCustomFont */,
				2858D4DA1DC5A7C500CCB5CA /* SNCustomFontTests */,
				2858D4E51DC5A7C500CCB5CA /* SNCustomFontUITests */,
			);
		};
/* End PBXProject section */

/* Begin PBXResourcesBuildPhase section */
		2858D4C51DC5A7C500CCB5CA /* Resources */ = {
			isa = PBXResourcesBuildPhase;
			buildActionMask = 2147483647;
			files = (
				2858D4D51DC5A7C500CCB5CA /* LaunchScreen.storyboard in Resources */,
				2858D4FD1DC5A82600CCB5CA /* Gaspar Regular.otf in Resources */,
				2858D5001DC5A82600CCB5CA /* MFZhiHei_Noncommercial-Regular.ttf in Resources */,
				2858D4FE1DC5A82600CCB5CA /* MFJinHei_Noncommercial-Regular.ttf in Resources */,
				2858D4D21DC5A7C500CCB5CA /* Assets.xcassets in Resources */,
				2858D4FF1DC5A82600CCB5CA /* MFTongXin_Noncommercial-Regular.ttf in Resources */,
				2858D4D01DC5A7C500CCB5CA /* Main.storyboard in Resources */,
			);
			runOnlyForDeploymentPostprocessing = 0;
		};
		2858D4D91DC5A7C500CCB5CA /* Resources */ = {
			isa = PBXResourcesBuildPhase;
			buildActionMask = 2147483647;
			files = (
			);
			runOnlyForDeploymentPostprocessing = 0;
		};
		2858D4E41DC5A7C500CCB5CA /* Resources */ = {
			isa = PBXResourcesBuildPhase;
			buildActionMask = 2147483647;
			files = (
			);
			runOnlyForDeploymentPostprocessing = 0;
		};
/* End PBXResourcesBuildPhase section */

/* Begin PBXSourcesBuildPhase section */
		2858D4C31DC5A7C500CCB5CA /* Sources */ = {
			isa = PBXSourcesBuildPhase;
			buildActionMask = 2147483647;
			files = (
				2858D4CD1DC5A7C500CCB5CA /* ViewController.swift in Sources */,
				2858D4CB1DC5A7C500CCB5CA /* AppDelegate.swift in Sources */,
			);
			runOnlyForDeploymentPostprocessing = 0;
		};
		2858D4D71DC5A7C500CCB5CA /* Sources */ = {
			isa = PBXSourcesBuildPhase;
			buildActionMask = 2147483647;
			files = (
				2858D4E01DC5A7C500CCB5CA /* SNCustomFontTests.swift in Sources */,
			);
			runOnlyForDeploymentPostprocessing = 0;
		};
		2858D4E21DC5A7C500CCB5CA /* Sources */ = {
			isa = PBXSourcesBuildPhase;
			buildActionMask = 2147483647;
			files = (
				2858D4EB1DC5A7C500CCB5CA /* SNCustomFontUITests.swift in Sources */,
			);
			runOnlyForDeploymentPostprocessing = 0;
		};
/* End PBXSourcesBuildPhase section */

/* Begin PBXTargetDependency section */
		2858D4DD1DC5A7C500CCB5CA /* PBXTargetDependency */ = {
			isa = PBXTargetDependency;
			target = 2858D4C61DC5A7C500CCB5CA /* SNCustomFont */;
			targetProxy = 2858D4DC1DC5A7C500CCB5CA /* PBXContainerItemProxy */;
		};
		2858D4E81DC5A7C500CCB5CA /* PBXTargetDependency */ = {
			isa = PBXTargetDependency;
			target = 2858D4C61DC5A7C500CCB5CA /* SNCustomFont */;
			targetProxy = 2858D4E71DC5A7C500CCB5CA /* PBXContainerItemProxy */;
		};
/* End PBXTargetDependency section */

/* Begin PBXVariantGroup section */
		2858D4CE1DC5A7C500CCB5CA /* Main.storyboard */ = {
			isa = PBXVariantGroup;
			children = (
				2858D4CF1DC5A7C500CCB5CA /* Base */,
			);
			name = Main.storyboard;
			sourceTree = "<group>";
		};
		2858D4D31DC5A7C500CCB5CA /* LaunchScreen.storyboard */ = {
			isa = PBXVariantGroup;
			children = (
				2858D4D41DC5A7C500CCB5CA /* Base */,
			);
			name = LaunchScreen.storyboard;
			sourceTree = "<group>";
		};
/* End PBXVariantGroup section */

/* Begin XCBuildConfiguration section */
		2858D4ED1DC5A7C500CCB5CA /* Debug */ = {
			isa = XCBuildConfiguration;
			buildSettings = {
				ALWAYS_SEARCH_USER_PATHS = NO;
				CLANG_CXX_LANGUAGE_STANDARD = "gnu++0x";
				CLANG_CXX_LIBRARY = "libc++";
				CLANG_ENABLE_MODULES = YES;
				CLANG_ENABLE_OBJC_ARC = YES;
				CLANG_WARN_BOOL_CONVERSION = YES;
				CLANG_WARN_CONSTANT_CONVERSION = YES;
				CLANG_WARN_DIRECT_OBJC_ISA_USAGE = YES_ERROR;
				CLANG_WARN_EMPTY_BODY = YES;
				CLANG_WARN_ENUM_CONVERSION = YES;
				CLANG_WARN_INT_CONVERSION = YES;
				CLANG_WARN_OBJC_ROOT_CLASS = YES_ERROR;
				CLANG_WARN_UNREACHABLE_CODE = YES;
				CLANG_WARN__DUPLICATE_METHOD_MATCH = YES;
				"CODE_SIGN_IDENTITY[sdk=iphoneos*]" = "iPhone Developer";
				COPY_PHASE_STRIP = NO;
				DEBUG_INFORMATION_FORMAT = dwarf;
				ENABLE_STRICT_OBJC_MSGSEND = YES;
				ENABLE_TESTABILITY = YES;
				GCC_C_LANGUAGE_STANDARD = gnu99;
				GCC_DYNAMIC_NO_PIC = NO;
				GCC_NO_COMMON_BLOCKS = YES;
				GCC_OPTIMIZATION_LEVEL = 0;
				GCC_PREPROCESSOR_DEFINITIONS = (
					"DEBUG=1",
					"$(inherited)",
				);
				GCC_WARN_64_TO_32_BIT_CONVERSION = YES;
				GCC_WARN_ABOUT_RETURN_TYPE = YES_ERROR;
				GCC_WARN_UNDECLARED_SELECTOR = YES;
				GCC_WARN_UNINITIALIZED_AUTOS = YES_AGGRESSIVE;
				GCC_WARN_UNUSED_FUNCTION = YES;
				GCC_WARN_UNUSED_VARIABLE = YES;
				IPHONEOS_DEPLOYMENT_TARGET = 9.2;
				MTL_ENABLE_DEBUG_INFO = YES;
				ONLY_ACTIVE_ARCH = YES;
				SDKROOT = iphoneos;
				SWIFT_OPTIMIZATION_LEVEL = "-Onone";
			};
			name = Debug;
		};
		2858D4EE1DC5A7C500CCB5CA /* Release */ = {
			isa = XCBuildConfiguration;
			buildSettings = {
				ALWAYS_SEARCH_USER_PATHS = NO;
				CLANG_CXX_LANGUAGE_STANDARD = "gnu++0x";
				CLANG_CXX_LIBRARY = "libc++";
				CLANG_ENABLE_MODULES = YES;
				CLANG_ENABLE_OBJC_ARC = YES;
				CLANG_WARN_BOOL_CONVERSION = YES;
				CLANG_WARN_CONSTANT_CONVERSION = YES;
				CLANG_WARN_DIRECT_OBJC_ISA_USAGE = YES_ERROR;
				CLANG_WARN_EMPTY_BODY = YES;
				CLANG_WARN_ENUM_CONVERSION = YES;
				CLANG_WARN_INT_CONVERSION = YES;
				CLANG_WARN_OBJC_ROOT_CLASS = YES_ERROR;
				CLANG_WARN_UNREACHABLE_CODE = YES;
				CLANG_WARN__DUPLICATE_METHOD_MATCH = YES;
				"CODE_SIGN_IDENTITY[sdk=iphoneos*]" = "iPhone Developer";
				COPY_PHASE_STRIP = NO;
				DEBUG_INFORMATION_FORMAT = "dwarf-with-dsym";
				ENABLE_NS_ASSERTIONS = NO;
				ENABLE_STRICT_OBJC_MSGSEND = YES;
				GCC_C_LANGUAGE_STANDARD = gnu99;
				GCC_NO_COMMON_BLOCKS = YES;
				GCC_WARN_64_TO_32_BIT_CONVERSION = YES;
				GCC_WARN_ABOUT_RETURN_TYPE = YES_ERROR;
				GCC_WARN_UNDECLARED_SELECTOR = YES;
				GCC_WARN_UNINITIALIZED_AUTOS = YES_AGGRESSIVE;
				GCC_WARN_UNUSED_FUNCTION = YES;
				GCC_WARN_UNUSED_VARIABLE = YES;
				IPHONEOS_DEPLOYMENT_TARGET = 9.2;
				MTL_ENABLE_DEBUG_INFO = NO;
				SDKROOT = iphoneos;
				VALIDATE_PRODUCT = YES;
			};
			name = Release;
		};
		2858D4F01DC5A7C500CCB5CA /* Debug */ = {
			isa = XCBuildConfiguration;
			buildSettings = {
				ASSETCATALOG_COMPILER_APPICON_NAME = AppIcon;
				INFOPLIST_FILE = SNCustomFont/Info.plist;
				LD_RUNPATH_SEARCH_PATHS = "$(inherited) @executable_path/Frameworks";
				PRODUCT_BUNDLE_IDENTIFIER = com.solonpu.SNCustomFont;
				PRODUCT_NAME = "$(TARGET_NAME)";
			};
			name = Debug;
		};
		2858D4F11DC5A7C500CCB5CA /* Release */ = {
			isa = XCBuildConfiguration;
			buildSettings = {
				ASSETCATALOG_COMPILER_APPICON_NAME = AppIcon;
				INFOPLIST_FILE = SNCustomFont/Info.plist;
				LD_RUNPATH_SEARCH_PATHS = "$(inherited) @executable_path/Frameworks";
				PRODUCT_BUNDLE_IDENTIFIER = com.solonpu.SNCustomFont;
				PRODUCT_NAME = "$(TARGET_NAME)";
			};
			name = Release;
		};
		2858D4F31DC5A7C500CCB5CA /* Debug */ = {
			isa = XCBuildConfiguration;
			buildSettings = {
				BUNDLE_LOADER = "$(TEST_HOST)";
				INFOPLIST_FILE = SNCustomFontTests/Info.plist;
				LD_RUNPATH_SEARCH_PATHS = "$(inherited) @executable_path/Frameworks @loader_path/Frameworks";
				PRODUCT_BUNDLE_IDENTIFIER = com.solonpu.SNCustomFontTests;
				PRODUCT_NAME = "$(TARGET_NAME)";
				TEST_HOST = "$(BUILT_PRODUCTS_DIR)/SNCustomFont.app/SNCustomFont";
			};
			name = Debug;
		};
		2858D4F41DC5A7C500CCB5CA /* Release */ = {
			isa = XCBuildConfiguration;
			buildSettings = {
				BUNDLE_LOADER = "$(TEST_HOST)";
				INFOPLIST_FILE = SNCustomFontTests/Info.plist;
				LD_RUNPATH_SEARCH_PATHS = "$(inherited) @executable_path/Frameworks @loader_path/Frameworks";
				PRODUCT_BUNDLE_IDENTIFIER = com.solonpu.SNCustomFontTests;
				PRODUCT_NAME = "$(TARGET_NAME)";
				TEST_HOST = "$(BUILT_PRODUCTS_DIR)/SNCustomFont.app/SNCustomFont";
			};
			name = Release;
		};
		2858D4F61DC5A7C500CCB5CA /* Debug */ = {
			isa = XCBuildConfiguration;
			buildSettings = {
				INFOPLIST_FILE = SNCustomFontUITests/Info.plist;
				LD_RUNPATH_SEARCH_PATHS = "$(inherited) @executable_path/Frameworks @loader_path/Frameworks";
				PRODUCT_BUNDLE_IDENTIFIER = com.solonpu.SNCustomFontUITests;
				PRODUCT_NAME = "$(TARGET_NAME)";
				TEST_TARGET_NAME = SNCustomFont;
				USES_XCTRUNNER = YES;
			};
			name = Debug;
		};
		2858D4F71DC5A7C500CCB5CA /* Release */ = {
			isa = XCBuildConfiguration;
			buildSettings = {
				INFOPLIST_FILE = SNCustomFontUITests/Info.plist;
				LD_RUNPATH_SEARCH_PATHS = "$(inherited) @executable_path/Frameworks @loader_path/Frameworks";
				PRODUCT_BUNDLE_IDENTIFIER = com.solonpu.SNCustomFontUITests;
				PRODUCT_NAME = "$(TARGET_NAME)";
				TEST_TARGET_NAME = SNCustomFont;
				USES_XCTRUNNER = YES;
			};
			name = Release;
		};
/* End XCBuildConfiguration section */

/* Begin XCConfigurationList section */
		2858D4C21DC5A7C500CCB5CA /* Build configuration list for PBXProject "SNCustomFont" */ = {
			isa = XCConfigurationList;
			buildConfigurations = (
				2858D4ED1DC5A7C500CCB5CA /* Debug */,
				2858D4EE1DC5A7C500CCB5CA /* Release */,
			);
			defaultConfigurationIsVisible = 0;
			defaultConfigurationName = Release;
		};
		2858D4EF1DC5A7C500CCB5CA /* Build configuration list for PBXNativeTarget "SNCustomFont" */ = {
			isa = XCConfigurationList;
			buildConfigurations = (
				2858D4F01DC5A7C500CCB5CA /* Debug */,
				2858D4F11DC5A7C500CCB5CA /* Release */,
			);
			defaultConfigurationIsVisible = 0;
		};
		2858D4F21DC5A7C500CCB5CA /* Build configuration list for PBXNativeTarget "SNCustomFontTests" */ = {
			isa = XCConfigurationList;
			buildConfigurations = (
				2858D4F31DC5A7C500CCB5CA /* Debug */,
				2858D4F41DC5A7C500CCB5CA /* Release */,
			);
			defaultConfigurationIsVisible = 0;
		};
		2858D4F51DC5A7C500CCB5CA /* Build configuration list for PBXNativeTarget "SNCustomFontUITests" */ = {
			isa = XCConfigurationList;
			buildConfigurations = (
				2858D4F61DC5A7C500CCB5CA /* Debug */,
				2858D4F71DC5A7C500CCB5CA /* Release */,
			);
			defaultConfigurationIsVisible = 0;
		};
/* End XCConfigurationList section */
	};
	rootObject = 2858D4BF1DC5A7C500CCB5CA /* Project object */;
}
