// !$*UTF8*$!
{
	archiveVersion = 1;
	classes = {
	};
	objectVersion = 46;
	objects = {

/* Begin PBXBuildFile section */
		28AE79FB1D69A67C001A3373 /* main.m in Sources */ = {isa = PBXBuildFile; fileRef = 28AE79FA1D69A67C001A3373 /* main.m */; };
		28AE7A041D69A6C5001A3373 /* GCDAsyncSocket.m in Sources */ = {isa = PBXBuildFile; fileRef = 28AE7A031D69A6C5001A3373 /* GCDAsyncSocket.m */; };
		28AE7A071D69A713001A3373 /* serverListener.m in Sources */ = {isa = PBXBuildFile; fileRef = 28AE7A061D69A713001A3373 /* serverListener.m */; };
/* End PBXBuildFile section */

/* Begin PBXCopyFilesBuildPhase section */
		28AE79F51D69A67C001A3373 /* CopyFiles */ = {
			isa = PBXCopyFilesBuildPhase;
			buildActionMask = 2147483647;
			dstPath = /usr/share/man/man1/;
			dstSubfolderSpec = 0;
			files = (
			);
			runOnlyForDeploymentPostprocessing = 1;
		};
/* End PBXCopyFilesBuildPhase section */

/* Begin PBXFileReference section */
		28AE79F71D69A67C001A3373 /* serverPortal */ = {isa = PBXFileReference; explicitFileType = "compiled.mach-o.executable"; includeInIndex = 0; path = serverPortal; sourceTree = BUILT_PRODUCTS_DIR; };
		28AE79FA1D69A67C001A3373 /* main.m */ = {isa = PBXFileReference; lastKnownFileType = sourcecode.c.objc; path = main.m; sourceTree = "<group>"; };
		28AE7A021D69A6C5001A3373 /* GCDAsyncSocket.h */ = {isa = PBXFileReference; fileEncoding = 4; lastKnownFileType = sourcecode.c.h; path = GCDAsyncSocket.h; sourceTree = "<group>"; };
		28AE7A031D69A6C5001A3373 /* GCDAsyncSocket.m */ = {isa = PBXFileReference; fileEncoding = 4; lastKnownFileType = sourcecode.c.objc; path = GCDAsyncSocket.m; sourceTree = "<group>"; };
		28AE7A051D69A713001A3373 /* serverListener.h */ = {isa = PBXFileReference; fileEncoding = 4; lastKnownFileType = sourcecode.c.h; path = serverListener.h; sourceTree = "<group>"; };
		28AE7A061D69A713001A3373 /* serverListener.m */ = {isa = PBXFileReference; fileEncoding = 4; lastKnownFileType = sourcecode.c.objc; path = serverListener.m; sourceTree = "<group>"; };
/* End PBXFileReference section */

/* Begin PBXFrameworksBuildPhase section */
		28AE79F41D69A67C001A3373 /* Frameworks */ = {
			isa = PBXFrameworksBuildPhase;
			buildActionMask = 2147483647;
			files = (
			);
			runOnlyForDeploymentPostprocessing = 0;
		};
/* End PBXFrameworksBuildPhase section */

/* Begin PBXGroup section */
		28AE79EE1D69A67C001A3373 = {
			isa = PBXGroup;
			children = (
				28AE79F91D69A67C001A3373 /* serverPortal */,
				28AE79F81D69A67C001A3373 /* Products */,
			);
			sourceTree = "<group>";
		};
		28AE79F81D69A67C001A3373 /* Products */ = {
			isa = PBXGroup;
			children = (
				28AE79F71D69A67C001A3373 /* serverPortal */,
			);
			name = Products;
			sourceTree = "<group>";
		};
		28AE79F91D69A67C001A3373 /* serverPortal */ = {
			isa = PBXGroup;
			children = (
				28AE7A011D69A6C5001A3373 /* TCP */,
				28AE79FA1D69A67C001A3373 /* main.m */,
				28AE7A051D69A713001A3373 /* serverListener.h */,
				28AE7A061D69A713001A3373 /* serverListener.m */,
			);
			path = serverPortal;
			sourceTree = "<group>";
		};
		28AE7A011D69A6C5001A3373 /* TCP */ = {
			isa = PBXGroup;
			children = (
				28AE7A021D69A6C5001A3373 /* GCDAsyncSocket.h */,
				28AE7A031D69A6C5001A3373 /* GCDAsyncSocket.m */,
			);
			path = TCP;
			sourceTree = "<group>";
		};
/* End PBXGroup section */

/* Begin PBXNativeTarget section */
		28AE79F61D69A67C001A3373 /* serverPortal */ = {
			isa = PBXNativeTarget;
			buildConfigurationList = 28AE79FE1D69A67C001A3373 /* Build configuration list for PBXNativeTarget "serverPortal" */;
			buildPhases = (
				28AE79F31D69A67C001A3373 /* Sources */,
				28AE79F41D69A67C001A3373 /* Frameworks */,
				28AE79F51D69A67C001A3373 /* CopyFiles */,
			);
			buildRules = (
			);
			dependencies = (
			);
			name = serverPortal;
			productName = serverPortal;
			productReference = 28AE79F71D69A67C001A3373 /* serverPortal */;
			productType = "com.apple.product-type.tool";
		};
/* End PBXNativeTarget section */

/* Begin PBXProject section */
		28AE79EF1D69A67C001A3373 /* Project object */ = {
			isa = PBXProject;
			attributes = {
				LastUpgradeCheck = 0720;
				ORGANIZATIONNAME = solon;
				TargetAttributes = {
					28AE79F61D69A67C001A3373 = {
						CreatedOnToolsVersion = 7.2;
					};
				};
			};
			buildConfigurationList = 28AE79F21D69A67C001A3373 /* Build configuration list for PBXProject "serverPortal" */;
			compatibilityVersion = "Xcode 3.2";
			developmentRegion = English;
			hasScannedForEncodings = 0;
			knownRegions = (
				en,
			);
			mainGroup = 28AE79EE1D69A67C001A3373;
			productRefGroup = 28AE79F81D69A67C001A3373 /* Products */;
			projectDirPath = "";
			projectRoot = "";
			targets = (
				28AE79F61D69A67C001A3373 /* serverPortal */,
			);
		};
/* End PBXProject section */

/* Begin PBXSourcesBuildPhase section */
		28AE79F31D69A67C001A3373 /* Sources */ = {
			isa = PBXSourcesBuildPhase;
			buildActionMask = 2147483647;
			files = (
				28AE7A041D69A6C5001A3373 /* GCDAsyncSocket.m in Sources */,
				28AE79FB1D69A67C001A3373 /* main.m in Sources */,
				28AE7A071D69A713001A3373 /* serverListener.m in Sources */,
			);
			runOnlyForDeploymentPostprocessing = 0;
		};
/* End PBXSourcesBuildPhase section */

/* Begin XCBuildConfiguration section */
		28AE79FC1D69A67C001A3373 /* Debug */ = {
			isa = XCBuildConfiguration;
			buildSettings = {
				ALWAYS_SEARCH_USER_PATHS = NO;
				CLANG_CXX_LANGUAGE_STANDARD = "gnu++0x";
				CLANG_CXX_LIBRARY = "libc++";
				CLANG_ENABLE_MODULES = YES;
				CLANG_ENABLE_OBJC_ARC = YES;
				CLANG_WARN_BOOL_CONVERSION = YES;
				CLANG_WARN_CONSTANT_CONVERSION = YES;
				CLANG_WARN_DIRECT_OBJC_ISA_USAGE = YES_ERROR;
				CLANG_WARN_EMPTY_BODY = YES;
				CLANG_WARN_ENUM_CONVERSION = YES;
				CLANG_WARN_INT_CONVERSION = YES;
				CLANG_WARN_OBJC_ROOT_CLASS = YES_ERROR;
				CLANG_WARN_UNREACHABLE_CODE = YES;
				CLANG_WARN__DUPLICATE_METHOD_MATCH = YES;
				CODE_SIGN_IDENTITY = "-";
				COPY_PHASE_STRIP = NO;
				DEBUG_INFORMATION_FORMAT = dwarf;
				ENABLE_STRICT_OBJC_MSGSEND = YES;
				ENABLE_TESTABILITY = YES;
				GCC_C_LANGUAGE_STANDARD = gnu99;
				GCC_DYNAMIC_NO_PIC = NO;
				GCC_NO_COMMON_BLOCKS = YES;
				GCC_OPTIMIZATION_LEVEL = 0;
				GCC_PREPROCESSOR_DEFINITIONS = (
					"DEBUG=1",
					"$(inherited)",
				);
				GCC_WARN_64_TO_32_BIT_CONVERSION = YES;
				GCC_WARN_ABOUT_RETURN_TYPE = YES_ERROR;
				GCC_WARN_UNDECLARED_SELECTOR = YES;
				GCC_WARN_UNINITIALIZED_AUTOS = YES_AGGRESSIVE;
				GCC_WARN_UNUSED_FUNCTION = YES;
				GCC_WARN_UNUSED_VARIABLE = YES;
				MACOSX_DEPLOYMENT_TARGET = 10.11;
				MTL_ENABLE_DEBUG_INFO = YES;
				ONLY_ACTIVE_ARCH = YES;
				SDKROOT = macosx;
			};
			name = Debug;
		};
		28AE79FD1D69A67C001A3373 /* Release */ = {
			isa = XCBuildConfiguration;
			buildSettings = {
				ALWAYS_SEARCH_USER_PATHS = NO;
				CLANG_CXX_LANGUAGE_STANDARD = "gnu++0x";
				CLANG_CXX_LIBRARY = "libc++";
				CLANG_ENABLE_MODULES = YES;
				CLANG_ENABLE_OBJC_ARC = YES;
				CLANG_WARN_BOOL_CONVERSION = YES;
				CLANG_WARN_CONSTANT_CONVERSION = YES;
				CLANG_WARN_DIRECT_OBJC_ISA_USAGE = YES_ERROR;
				CLANG_WARN_EMPTY_BODY = YES;
				CLANG_WARN_ENUM_CONVERSION = YES;
				CLANG_WARN_INT_CONVERSION = YES;
				CLANG_WARN_OBJC_ROOT_CLASS = YES_ERROR;
				CLANG_WARN_UNREACHABLE_CODE = YES;
				CLANG_WARN__DUPLICATE_METHOD_MATCH = YES;
				CODE_SIGN_IDENTITY = "-";
				COPY_PHASE_STRIP = NO;
				DEBUG_INFORMATION_FORMAT = "dwarf-with-dsym";
				ENABLE_NS_ASSERTIONS = NO;
				ENABLE_STRICT_OBJC_MSGSEND = YES;
				GCC_C_LANGUAGE_STANDARD = gnu99;
				GCC_NO_COMMON_BLOCKS = YES;
				GCC_WARN_64_TO_32_BIT_CONVERSION = YES;
				GCC_WARN_ABOUT_RETURN_TYPE = YES_ERROR;
				GCC_WARN_UNDECLARED_SELECTOR = YES;
				GCC_WARN_UNINITIALIZED_AUTOS = YES_AGGRESSIVE;
				GCC_WARN_UNUSED_FUNCTION = YES;
				GCC_WARN_UNUSED_VARIABLE = YES;
				MACOSX_DEPLOYMENT_TARGET = 10.11;
				MTL_ENABLE_DEBUG_INFO = NO;
				SDKROOT = macosx;
			};
			name = Release;
		};
		28AE79FF1D69A67C001A3373 /* Debug */ = {
			isa = XCBuildConfiguration;
			buildSettings = {
				PRODUCT_NAME = "$(TARGET_NAME)";
			};
			name = Debug;
		};
		28AE7A001D69A67C001A3373 /* Release */ = {
			isa = XCBuildConfiguration;
			buildSettings = {
				PRODUCT_NAME = "$(TARGET_NAME)";
			};
			name = Release;
		};
/* End XCBuildConfiguration section */

/* Begin XCConfigurationList section */
		28AE79F21D69A67C001A3373 /* Build configuration list for PBXProject "serverPortal" */ = {
			isa = XCConfigurationList;
			buildConfigurations = (
				28AE79FC1D69A67C001A3373 /* Debug */,
				28AE79FD1D69A67C001A3373 /* Release */,
			);
			defaultConfigurationIsVisible = 0;
			defaultConfigurationName = Release;
		};
		28AE79FE1D69A67C001A3373 /* Build configuration list for PBXNativeTarget "serverPortal" */ = {
			isa = XCConfigurationList;
			buildConfigurations = (
				28AE79FF1D69A67C001A3373 /* Debug */,
				28AE7A001D69A67C001A3373 /* Release */,
			);
			defaultConfigurationIsVisible = 0;
		};
/* End XCConfigurationList section */
	};
	rootObject = 28AE79EF1D69A67C001A3373 /* Project object */;
}
